
Microsoft Visual Studio Solution File, Format Version 12.00
# Visual Studio 15
Project("{FAE04EC0-301F-11D3-BF4B-00C04F79EFBC}") = "UdemyXamarinCourse3.Android", "UdemyXamarinCourse3.Android\UdemyXamarinCourse3.Android.csproj", "{47E2D33B-6BFF-4039-8C0F-EF5174838105}"
EndProject
Project("{FAE04EC0-301F-11D3-BF4B-00C04F79EFBC}") = "UdemyXamarinCourse3.iOS", "UdemyXamarinCourse3.iOS\UdemyXamarinCourse3.iOS.csproj", "{A8B8FF33-0105-40FA-BA20-C27F82B1D923}"
EndProject
Project("{FAE04EC0-301F-11D3-BF4B-00C04F79EFBC}") = "UdemyXamarinCourse3.UITests", "UdemyXamarinCourse3.UITests\UdemyXamarinCourse3.UITests.csproj", "{7E737AEA-54D4-4C39-BB38-8A1BF94DD1A0}"
EndProject
Project("{FAE04EC0-301F-11D3-BF4B-00C04F79EFBC}") = "UdemyXamarinCourse3", "UdemyXamarinCourse3\UdemyXamarinCourse3.csproj", "{5B8E8E0E-7F77-42CA-A1C3-ABA75E3AEDAD}"
EndProject
Project("{FAE04EC0-301F-11D3-BF4B-00C04F79EFBC}") = "RecipesSQLite.Android", "RecipesSQLite.Android\RecipesSQLite.Android.csproj", "{45DFB240-6D0F-444E-9EA1-58ED8AC26B6D}"
EndProject
Project("{FAE04EC0-301F-11D3-BF4B-00C04F79EFBC}") = "RecipesSQLite.iOS", "RecipesSQLite.iOS\RecipesSQLite.iOS.csproj", "{B2A2D8D5-7F71-4B8C-BD6E-E0DBC0606A69}"
EndProject
Project("{FAE04EC0-301F-11D3-BF4B-00C04F79EFBC}") = "RecipesSQLite.UITests", "RecipesSQLite.UITests\RecipesSQLite.UITests.csproj", "{158D29D1-4EA4-43EE-BC90-8D935A145000}"
EndProject
Project("{FAE04EC0-301F-11D3-BF4B-00C04F79EFBC}") = "RecipesSQLite", "RecipesSQLite\RecipesSQLite.csproj", "{84C17BBE-6438-404A-AA32-588A5FD16297}"
EndProject
Project("{FAE04EC0-301F-11D3-BF4B-00C04F79EFBC}") = "ContactBookSQLExercise.Android", "ContactBookSQLExercise.Android\ContactBookSQLExercise.Android.csproj", "{432CD772-4B5A-4FC5-B961-4DA57BC049A6}"
EndProject
Project("{FAE04EC0-301F-11D3-BF4B-00C04F79EFBC}") = "ContactBookSQLExercise.iOS", "ContactBookSQLExercise.iOS\ContactBookSQLExercise.iOS.csproj", "{88A98260-0FC0-4835-A10A-BCE5DEFFE3B6}"
EndProject
Project("{FAE04EC0-301F-11D3-BF4B-00C04F79EFBC}") = "ContactBookSQLExercise.UITests", "ContactBookSQLExercise.UITests\ContactBookSQLExercise.UITests.csproj", "{6BFDD23D-EA85-46D9-85A8-B51D16A3BFC3}"
EndProject
Project("{FAE04EC0-301F-11D3-BF4B-00C04F79EFBC}") = "ContactBookSQLExercise", "ContactBookSQLExercise\ContactBookSQLExercise.csproj", "{B9AD6A66-D601-48EB-B666-2BDDE3152D5B}"
EndProject
Global
	GlobalSection(SolutionConfigurationPlatforms) = preSolution
		Debug|Any CPU = Debug|Any CPU
		Release|Any CPU = Release|Any CPU
		Debug|iPhoneSimulator = Debug|iPhoneSimulator
		Release|iPhoneSimulator = Release|iPhoneSimulator
		Debug|iPhone = Debug|iPhone
		Release|iPhone = Release|iPhone
	EndGlobalSection
	GlobalSection(ProjectConfigurationPlatforms) = postSolution
		{47E2D33B-6BFF-4039-8C0F-EF5174838105}.Debug|Any CPU.ActiveCfg = Debug|Any CPU
		{47E2D33B-6BFF-4039-8C0F-EF5174838105}.Debug|Any CPU.Build.0 = Debug|Any CPU
		{47E2D33B-6BFF-4039-8C0F-EF5174838105}.Release|Any CPU.ActiveCfg = Release|Any CPU
		{47E2D33B-6BFF-4039-8C0F-EF5174838105}.Release|Any CPU.Build.0 = Release|Any CPU
		{47E2D33B-6BFF-4039-8C0F-EF5174838105}.Debug|iPhoneSimulator.ActiveCfg = Debug|Any CPU
		{47E2D33B-6BFF-4039-8C0F-EF5174838105}.Debug|iPhoneSimulator.Build.0 = Debug|Any CPU
		{47E2D33B-6BFF-4039-8C0F-EF5174838105}.Release|iPhoneSimulator.ActiveCfg = Release|Any CPU
		{47E2D33B-6BFF-4039-8C0F-EF5174838105}.Release|iPhoneSimulator.Build.0 = Release|Any CPU
		{47E2D33B-6BFF-4039-8C0F-EF5174838105}.Debug|iPhone.ActiveCfg = Debug|Any CPU
		{47E2D33B-6BFF-4039-8C0F-EF5174838105}.Debug|iPhone.Build.0 = Debug|Any CPU
		{47E2D33B-6BFF-4039-8C0F-EF5174838105}.Release|iPhone.ActiveCfg = Release|Any CPU
		{47E2D33B-6BFF-4039-8C0F-EF5174838105}.Release|iPhone.Build.0 = Release|Any CPU
		{A8B8FF33-0105-40FA-BA20-C27F82B1D923}.Debug|Any CPU.ActiveCfg = Debug|iPhoneSimulator
		{A8B8FF33-0105-40FA-BA20-C27F82B1D923}.Debug|Any CPU.Build.0 = Debug|iPhoneSimulator
		{A8B8FF33-0105-40FA-BA20-C27F82B1D923}.Release|Any CPU.ActiveCfg = Release|iPhoneSimulator
		{A8B8FF33-0105-40FA-BA20-C27F82B1D923}.Release|Any CPU.Build.0 = Release|iPhoneSimulator
		{A8B8FF33-0105-40FA-BA20-C27F82B1D923}.Debug|iPhoneSimulator.ActiveCfg = Debug|iPhoneSimulator
		{A8B8FF33-0105-40FA-BA20-C27F82B1D923}.Debug|iPhoneSimulator.Build.0 = Debug|iPhoneSimulator
		{A8B8FF33-0105-40FA-BA20-C27F82B1D923}.Release|iPhoneSimulator.ActiveCfg = Release|iPhoneSimulator
		{A8B8FF33-0105-40FA-BA20-C27F82B1D923}.Release|iPhoneSimulator.Build.0 = Release|iPhoneSimulator
		{A8B8FF33-0105-40FA-BA20-C27F82B1D923}.Debug|iPhone.ActiveCfg = Debug|iPhone
		{A8B8FF33-0105-40FA-BA20-C27F82B1D923}.Debug|iPhone.Build.0 = Debug|iPhone
		{A8B8FF33-0105-40FA-BA20-C27F82B1D923}.Release|iPhone.ActiveCfg = Release|iPhone
		{A8B8FF33-0105-40FA-BA20-C27F82B1D923}.Release|iPhone.Build.0 = Release|iPhone
		{7E737AEA-54D4-4C39-BB38-8A1BF94DD1A0}.Debug|Any CPU.ActiveCfg = Debug|Any CPU
		{7E737AEA-54D4-4C39-BB38-8A1BF94DD1A0}.Debug|Any CPU.Build.0 = Debug|Any CPU
		{7E737AEA-54D4-4C39-BB38-8A1BF94DD1A0}.Release|Any CPU.ActiveCfg = Release|Any CPU
		{7E737AEA-54D4-4C39-BB38-8A1BF94DD1A0}.Release|Any CPU.Build.0 = Release|Any CPU
		{7E737AEA-54D4-4C39-BB38-8A1BF94DD1A0}.Debug|iPhoneSimulator.ActiveCfg = Debug|Any CPU
		{7E737AEA-54D4-4C39-BB38-8A1BF94DD1A0}.Debug|iPhoneSimulator.Build.0 = Debug|Any CPU
		{7E737AEA-54D4-4C39-BB38-8A1BF94DD1A0}.Release|iPhoneSimulator.ActiveCfg = Release|Any CPU
		{7E737AEA-54D4-4C39-BB38-8A1BF94DD1A0}.Release|iPhoneSimulator.Build.0 = Release|Any CPU
		{7E737AEA-54D4-4C39-BB38-8A1BF94DD1A0}.Debug|iPhone.ActiveCfg = Debug|Any CPU
		{7E737AEA-54D4-4C39-BB38-8A1BF94DD1A0}.Debug|iPhone.Build.0 = Debug|Any CPU
		{7E737AEA-54D4-4C39-BB38-8A1BF94DD1A0}.Release|iPhone.ActiveCfg = Release|Any CPU
		{7E737AEA-54D4-4C39-BB38-8A1BF94DD1A0}.Release|iPhone.Build.0 = Release|Any CPU
		{5B8E8E0E-7F77-42CA-A1C3-ABA75E3AEDAD}.Debug|Any CPU.ActiveCfg = Debug|Any CPU
		{5B8E8E0E-7F77-42CA-A1C3-ABA75E3AEDAD}.Debug|Any CPU.Build.0 = Debug|Any CPU
		{5B8E8E0E-7F77-42CA-A1C3-ABA75E3AEDAD}.Release|Any CPU.ActiveCfg = Release|Any CPU
		{5B8E8E0E-7F77-42CA-A1C3-ABA75E3AEDAD}.Release|Any CPU.Build.0 = Release|Any CPU
		{5B8E8E0E-7F77-42CA-A1C3-ABA75E3AEDAD}.Debug|iPhoneSimulator.ActiveCfg = Debug|Any CPU
		{5B8E8E0E-7F77-42CA-A1C3-ABA75E3AEDAD}.Debug|iPhoneSimulator.Build.0 = Debug|Any CPU
		{5B8E8E0E-7F77-42CA-A1C3-ABA75E3AEDAD}.Release|iPhoneSimulator.ActiveCfg = Release|Any CPU
		{5B8E8E0E-7F77-42CA-A1C3-ABA75E3AEDAD}.Release|iPhoneSimulator.Build.0 = Release|Any CPU
		{5B8E8E0E-7F77-42CA-A1C3-ABA75E3AEDAD}.Debug|iPhone.ActiveCfg = Debug|Any CPU
		{5B8E8E0E-7F77-42CA-A1C3-ABA75E3AEDAD}.Debug|iPhone.Build.0 = Debug|Any CPU
		{5B8E8E0E-7F77-42CA-A1C3-ABA75E3AEDAD}.Release|iPhone.ActiveCfg = Release|Any CPU
		{5B8E8E0E-7F77-42CA-A1C3-ABA75E3AEDAD}.Release|iPhone.Build.0 = Release|Any CPU
		{45DFB240-6D0F-444E-9EA1-58ED8AC26B6D}.Debug|Any CPU.ActiveCfg = Debug|Any CPU
		{45DFB240-6D0F-444E-9EA1-58ED8AC26B6D}.Debug|Any CPU.Build.0 = Debug|Any CPU
		{45DFB240-6D0F-444E-9EA1-58ED8AC26B6D}.Release|Any CPU.ActiveCfg = Release|Any CPU
		{45DFB240-6D0F-444E-9EA1-58ED8AC26B6D}.Release|Any CPU.Build.0 = Release|Any CPU
		{45DFB240-6D0F-444E-9EA1-58ED8AC26B6D}.Debug|iPhoneSimulator.ActiveCfg = Debug|Any CPU
		{45DFB240-6D0F-444E-9EA1-58ED8AC26B6D}.Debug|iPhoneSimulator.Build.0 = Debug|Any CPU
		{45DFB240-6D0F-444E-9EA1-58ED8AC26B6D}.Release|iPhoneSimulator.ActiveCfg = Release|Any CPU
		{45DFB240-6D0F-444E-9EA1-58ED8AC26B6D}.Release|iPhoneSimulator.Build.0 = Release|Any CPU
		{45DFB240-6D0F-444E-9EA1-58ED8AC26B6D}.Debug|iPhone.ActiveCfg = Debug|Any CPU
		{45DFB240-6D0F-444E-9EA1-58ED8AC26B6D}.Debug|iPhone.Build.0 = Debug|Any CPU
		{45DFB240-6D0F-444E-9EA1-58ED8AC26B6D}.Release|iPhone.ActiveCfg = Release|Any CPU
		{45DFB240-6D0F-444E-9EA1-58ED8AC26B6D}.Release|iPhone.Build.0 = Release|Any CPU
		{B2A2D8D5-7F71-4B8C-BD6E-E0DBC0606A69}.Debug|Any CPU.ActiveCfg = Debug|iPhoneSimulator
		{B2A2D8D5-7F71-4B8C-BD6E-E0DBC0606A69}.Debug|Any CPU.Build.0 = Debug|iPhoneSimulator
		{B2A2D8D5-7F71-4B8C-BD6E-E0DBC0606A69}.Release|Any CPU.ActiveCfg = Release|iPhoneSimulator
		{B2A2D8D5-7F71-4B8C-BD6E-E0DBC0606A69}.Release|Any CPU.Build.0 = Release|iPhoneSimulator
		{B2A2D8D5-7F71-4B8C-BD6E-E0DBC0606A69}.Debug|iPhoneSimulator.ActiveCfg = Debug|iPhoneSimulator
		{B2A2D8D5-7F71-4B8C-BD6E-E0DBC0606A69}.Debug|iPhoneSimulator.Build.0 = Debug|iPhoneSimulator
		{B2A2D8D5-7F71-4B8C-BD6E-E0DBC0606A69}.Release|iPhoneSimulator.ActiveCfg = Release|iPhoneSimulator
		{B2A2D8D5-7F71-4B8C-BD6E-E0DBC0606A69}.Release|iPhoneSimulator.Build.0 = Release|iPhoneSimulator
		{B2A2D8D5-7F71-4B8C-BD6E-E0DBC0606A69}.Debug|iPhone.ActiveCfg = Debug|iPhone
		{B2A2D8D5-7F71-4B8C-BD6E-E0DBC0606A69}.Debug|iPhone.Build.0 = Debug|iPhone
		{B2A2D8D5-7F71-4B8C-BD6E-E0DBC0606A69}.Release|iPhone.ActiveCfg = Release|iPhone
		{B2A2D8D5-7F71-4B8C-BD6E-E0DBC0606A69}.Release|iPhone.Build.0 = Release|iPhone
		{158D29D1-4EA4-43EE-BC90-8D935A145000}.Debug|Any CPU.ActiveCfg = Debug|Any CPU
		{158D29D1-4EA4-43EE-BC90-8D935A145000}.Debug|Any CPU.Build.0 = Debug|Any CPU
		{158D29D1-4EA4-43EE-BC90-8D935A145000}.Release|Any CPU.ActiveCfg = Release|Any CPU
		{158D29D1-4EA4-43EE-BC90-8D935A145000}.Release|Any CPU.Build.0 = Release|Any CPU
		{158D29D1-4EA4-43EE-BC90-8D935A145000}.Debug|iPhoneSimulator.ActiveCfg = Debug|Any CPU
		{158D29D1-4EA4-43EE-BC90-8D935A145000}.Debug|iPhoneSimulator.Build.0 = Debug|Any CPU
		{158D29D1-4EA4-43EE-BC90-8D935A145000}.Release|iPhoneSimulator.ActiveCfg = Release|Any CPU
		{158D29D1-4EA4-43EE-BC90-8D935A145000}.Release|iPhoneSimulator.Build.0 = Release|Any CPU
		{158D29D1-4EA4-43EE-BC90-8D935A145000}.Debug|iPhone.ActiveCfg = Debug|Any CPU
		{158D29D1-4EA4-43EE-BC90-8D935A145000}.Debug|iPhone.Build.0 = Debug|Any CPU
		{158D29D1-4EA4-43EE-BC90-8D935A145000}.Release|iPhone.ActiveCfg = Release|Any CPU
		{158D29D1-4EA4-43EE-BC90-8D935A145000}.Release|iPhone.Build.0 = Release|Any CPU
		{84C17BBE-6438-404A-AA32-588A5FD16297}.Debug|Any CPU.ActiveCfg = Debug|Any CPU
		{84C17BBE-6438-404A-AA32-588A5FD16297}.Debug|Any CPU.Build.0 = Debug|Any CPU
		{84C17BBE-6438-404A-AA32-588A5FD16297}.Release|Any CPU.ActiveCfg = Release|Any CPU
		{84C17BBE-6438-404A-AA32-588A5FD16297}.Release|Any CPU.Build.0 = Release|Any CPU
		{84C17BBE-6438-404A-AA32-588A5FD16297}.Debug|iPhoneSimulator.ActiveCfg = Debug|Any CPU
		{84C17BBE-6438-404A-AA32-588A5FD16297}.Debug|iPhoneSimulator.Build.0 = Debug|Any CPU
		{84C17BBE-6438-404A-AA32-588A5FD16297}.Release|iPhoneSimulator.ActiveCfg = Release|Any CPU
		{84C17BBE-6438-404A-AA32-588A5FD16297}.Release|iPhoneSimulator.Build.0 = Release|Any CPU
		{84C17BBE-6438-404A-AA32-588A5FD16297}.Debug|iPhone.ActiveCfg = Debug|Any CPU
		{84C17BBE-6438-404A-AA32-588A5FD16297}.Debug|iPhone.Build.0 = Debug|Any CPU
		{84C17BBE-6438-404A-AA32-588A5FD16297}.Release|iPhone.ActiveCfg = Release|Any CPU
		{84C17BBE-6438-404A-AA32-588A5FD16297}.Release|iPhone.Build.0 = Release|Any CPU
		{432CD772-4B5A-4FC5-B961-4DA57BC049A6}.Debug|Any CPU.ActiveCfg = Debug|Any CPU
		{432CD772-4B5A-4FC5-B961-4DA57BC049A6}.Debug|Any CPU.Build.0 = Debug|Any CPU
		{432CD772-4B5A-4FC5-B961-4DA57BC049A6}.Release|Any CPU.ActiveCfg = Release|Any CPU
		{432CD772-4B5A-4FC5-B961-4DA57BC049A6}.Release|Any CPU.Build.0 = Release|Any CPU
		{432CD772-4B5A-4FC5-B961-4DA57BC049A6}.Debug|iPhoneSimulator.ActiveCfg = Debug|Any CPU
		{432CD772-4B5A-4FC5-B961-4DA57BC049A6}.Debug|iPhoneSimulator.Build.0 = Debug|Any CPU
		{432CD772-4B5A-4FC5-B961-4DA57BC049A6}.Release|iPhoneSimulator.ActiveCfg = Release|Any CPU
		{432CD772-4B5A-4FC5-B961-4DA57BC049A6}.Release|iPhoneSimulator.Build.0 = Release|Any CPU
		{432CD772-4B5A-4FC5-B961-4DA57BC049A6}.Debug|iPhone.ActiveCfg = Debug|Any CPU
		{432CD772-4B5A-4FC5-B961-4DA57BC049A6}.Debug|iPhone.Build.0 = Debug|Any CPU
		{432CD772-4B5A-4FC5-B961-4DA57BC049A6}.Release|iPhone.ActiveCfg = Release|Any CPU
		{432CD772-4B5A-4FC5-B961-4DA57BC049A6}.Release|iPhone.Build.0 = Release|Any CPU
		{88A98260-0FC0-4835-A10A-BCE5DEFFE3B6}.Debug|Any CPU.ActiveCfg = Debug|iPhoneSimulator
		{88A98260-0FC0-4835-A10A-BCE5DEFFE3B6}.Debug|Any CPU.Build.0 = Debug|iPhoneSimulator
		{88A98260-0FC0-4835-A10A-BCE5DEFFE3B6}.Release|Any CPU.ActiveCfg = Release|iPhoneSimulator
		{88A98260-0FC0-4835-A10A-BCE5DEFFE3B6}.Release|Any CPU.Build.0 = Release|iPhoneSimulator
		{88A98260-0FC0-4835-A10A-BCE5DEFFE3B6}.Debug|iPhoneSimulator.ActiveCfg = Debug|iPhoneSimulator
		{88A98260-0FC0-4835-A10A-BCE5DEFFE3B6}.Debug|iPhoneSimulator.Build.0 = Debug|iPhoneSimulator
		{88A98260-0FC0-4835-A10A-BCE5DEFFE3B6}.Release|iPhoneSimulator.ActiveCfg = Release|iPhoneSimulator
		{88A98260-0FC0-4835-A10A-BCE5DEFFE3B6}.Release|iPhoneSimulator.Build.0 = Release|iPhoneSimulator
		{88A98260-0FC0-4835-A10A-BCE5DEFFE3B6}.Debug|iPhone.ActiveCfg = Debug|iPhone
		{88A98260-0FC0-4835-A10A-BCE5DEFFE3B6}.Debug|iPhone.Build.0 = Debug|iPhone
		{88A98260-0FC0-4835-A10A-BCE5DEFFE3B6}.Release|iPhone.ActiveCfg = Release|iPhone
		{88A98260-0FC0-4835-A10A-BCE5DEFFE3B6}.Release|iPhone.Build.0 = Release|iPhone
		{6BFDD23D-EA85-46D9-85A8-B51D16A3BFC3}.Debug|Any CPU.ActiveCfg = Debug|Any CPU
		{6BFDD23D-EA85-46D9-85A8-B51D16A3BFC3}.Debug|Any CPU.Build.0 = Debug|Any CPU
		{6BFDD23D-EA85-46D9-85A8-B51D16A3BFC3}.Release|Any CPU.ActiveCfg = Release|Any CPU
		{6BFDD23D-EA85-46D9-85A8-B51D16A3BFC3}.Release|Any CPU.Build.0 = Release|Any CPU
		{6BFDD23D-EA85-46D9-85A8-B51D16A3BFC3}.Debug|iPhoneSimulator.ActiveCfg = Debug|Any CPU
		{6BFDD23D-EA85-46D9-85A8-B51D16A3BFC3}.Debug|iPhoneSimulator.Build.0 = Debug|Any CPU
		{6BFDD23D-EA85-46D9-85A8-B51D16A3BFC3}.Release|iPhoneSimulator.ActiveCfg = Release|Any CPU
		{6BFDD23D-EA85-46D9-85A8-B51D16A3BFC3}.Release|iPhoneSimulator.Build.0 = Release|Any CPU
		{6BFDD23D-EA85-46D9-85A8-B51D16A3BFC3}.Debug|iPhone.ActiveCfg = Debug|Any CPU
		{6BFDD23D-EA85-46D9-85A8-B51D16A3BFC3}.Debug|iPhone.Build.0 = Debug|Any CPU
		{6BFDD23D-EA85-46D9-85A8-B51D16A3BFC3}.Release|iPhone.ActiveCfg = Release|Any CPU
		{6BFDD23D-EA85-46D9-85A8-B51D16A3BFC3}.Release|iPhone.Build.0 = Release|Any CPU
		{B9AD6A66-D601-48EB-B666-2BDDE3152D5B}.Debug|Any CPU.ActiveCfg = Debug|Any CPU
		{B9AD6A66-D601-48EB-B666-2BDDE3152D5B}.Debug|Any CPU.Build.0 = Debug|Any CPU
		{B9AD6A66-D601-48EB-B666-2BDDE3152D5B}.Release|Any CPU.ActiveCfg = Release|Any CPU
		{B9AD6A66-D601-48EB-B666-2BDDE3152D5B}.Release|Any CPU.Build.0 = Release|Any CPU
		{B9AD6A66-D601-48EB-B666-2BDDE3152D5B}.Debug|iPhoneSimulator.ActiveCfg = Debug|Any CPU
		{B9AD6A66-D601-48EB-B666-2BDDE3152D5B}.Debug|iPhoneSimulator.Build.0 = Debug|Any CPU
		{B9AD6A66-D601-48EB-B666-2BDDE3152D5B}.Release|iPhoneSimulator.ActiveCfg = Release|Any CPU
		{B9AD6A66-D601-48EB-B666-2BDDE3152D5B}.Release|iPhoneSimulator.Build.0 = Release|Any CPU
		{B9AD6A66-D601-48EB-B666-2BDDE3152D5B}.Debug|iPhone.ActiveCfg = Debug|Any CPU
		{B9AD6A66-D601-48EB-B666-2BDDE3152D5B}.Debug|iPhone.Build.0 = Debug|Any CPU
		{B9AD6A66-D601-48EB-B666-2BDDE3152D5B}.Release|iPhone.ActiveCfg = Release|Any CPU
		{B9AD6A66-D601-48EB-B666-2BDDE3152D5B}.Release|iPhone.Build.0 = Release|Any CPU
	EndGlobalSection
EndGlobal
